// !$*UTF8*$!
{
	archiveVersion = 1;
	classes = {
	};
	objectVersion = 55;
	objects = {

/* Begin PBXBuildFile section */
		EF400D9F2848A32E00EF4892 /* LandmarksApp.swift in Sources */ = {isa = PBXBuildFile; fileRef = EF400D9E2848A32E00EF4892 /* LandmarksApp.swift */; };
		EF400DA12848A32E00EF4892 /* ContentView.swift in Sources */ = {isa = PBXBuildFile; fileRef = EF400DA02848A32E00EF4892 /* ContentView.swift */; };
		EF400DA32848A32F00EF4892 /* Assets.xcassets in Resources */ = {isa = PBXBuildFile; fileRef = EF400DA22848A32F00EF4892 /* Assets.xcassets */; };
		EF400DA62848A32F00EF4892 /* Preview Assets.xcassets in Resources */ = {isa = PBXBuildFile; fileRef = EF400DA52848A32F00EF4892 /* Preview Assets.xcassets */; };
		EF424E102848CEFD00FB9F9E /* CircleImage.swift in Sources */ = {isa = PBXBuildFile; fileRef = EF424E0F2848CEFD00FB9F9E /* CircleImage.swift */; };
		EF424E122848D10F00FB9F9E /* MapView.swift in Sources */ = {isa = PBXBuildFile; fileRef = EF424E112848D10F00FB9F9E /* MapView.swift */; };
		EF424E162848D79E00FB9F9E /* Landmark.swift in Sources */ = {isa = PBXBuildFile; fileRef = EF424E152848D79E00FB9F9E /* Landmark.swift */; };
		EF424E182848D88E00FB9F9E /* landmarkData.json in Resources */ = {isa = PBXBuildFile; fileRef = EF424E172848D88E00FB9F9E /* landmarkData.json */; };
		EF424E332848DB1800FB9F9E /* ModelData.swift in Sources */ = {isa = PBXBuildFile; fileRef = EF424E322848DB1800FB9F9E /* ModelData.swift */; };
		EF424E352848DD6E00FB9F9E /* LandmarkRow.swift in Sources */ = {isa = PBXBuildFile; fileRef = EF424E342848DD6E00FB9F9E /* LandmarkRow.swift */; };
		EF424E372848DF0E00FB9F9E /* LandmarkList.swift in Sources */ = {isa = PBXBuildFile; fileRef = EF424E362848DF0E00FB9F9E /* LandmarkList.swift */; };
		EF424E392848E0D500FB9F9E /* LandmarkDetail.swift in Sources */ = {isa = PBXBuildFile; fileRef = EF424E382848E0D500FB9F9E /* LandmarkDetail.swift */; };
		EFC09FA82849EABE001645B4 /* FavoriteButton.swift in Sources */ = {isa = PBXBuildFile; fileRef = EFC09FA72849EABE001645B4 /* FavoriteButton.swift */; };
		EFC09FAC2849F6A0001645B4 /* HexagonParameters.swift in Sources */ = {isa = PBXBuildFile; fileRef = EFC09FAB2849F6A0001645B4 /* HexagonParameters.swift */; };
		EFC09FAE2849F756001645B4 /* BadgeBackground.swift in Sources */ = {isa = PBXBuildFile; fileRef = EFC09FAD2849F756001645B4 /* BadgeBackground.swift */; };
		EFC09FB0284A00C4001645B4 /* BadgeSymbol.swift in Sources */ = {isa = PBXBuildFile; fileRef = EFC09FAF284A00C4001645B4 /* BadgeSymbol.swift */; };
		EFC09FB2284A0273001645B4 /* RotatedBadgeSymbol.swift in Sources */ = {isa = PBXBuildFile; fileRef = EFC09FB1284A0273001645B4 /* RotatedBadgeSymbol.swift */; };
		EFC09FB4284A0328001645B4 /* Badge.swift in Sources */ = {isa = PBXBuildFile; fileRef = EFC09FB3284A0328001645B4 /* Badge.swift */; };
		EFC09FB7284A0C67001645B4 /* hikeData.json in Resources */ = {isa = PBXBuildFile; fileRef = EFC09FB6284A0C67001645B4 /* hikeData.json */; };
		EFC09FB9284A0CF5001645B4 /* Hike.swift in Sources */ = {isa = PBXBuildFile; fileRef = EFC09FB8284A0CF5001645B4 /* Hike.swift */; };
		EFC09FBF284A0E64001645B4 /* GraphCapsule.swift in Sources */ = {isa = PBXBuildFile; fileRef = EFC09FBB284A0E64001645B4 /* GraphCapsule.swift */; };
		EFC09FC0284A0E64001645B4 /* HikeGraph.swift in Sources */ = {isa = PBXBuildFile; fileRef = EFC09FBC284A0E64001645B4 /* HikeGraph.swift */; };
		EFC09FC1284A0E64001645B4 /* HikeDetail.swift in Sources */ = {isa = PBXBuildFile; fileRef = EFC09FBD284A0E64001645B4 /* HikeDetail.swift */; };
		EFC09FC2284A0E64001645B4 /* HikeView.swift in Sources */ = {isa = PBXBuildFile; fileRef = EFC09FBE284A0E64001645B4 /* HikeView.swift */; };
		EFC09FC5284A1711001645B4 /* CategoryHome.swift in Sources */ = {isa = PBXBuildFile; fileRef = EFC09FC4284A1711001645B4 /* CategoryHome.swift */; };
		EFC09FC7284A1D3C001645B4 /* CategoryRow.swift in Sources */ = {isa = PBXBuildFile; fileRef = EFC09FC6284A1D3C001645B4 /* CategoryRow.swift */; };
		EFC09FC9284A20C2001645B4 /* CategoryItem.swift in Sources */ = {isa = PBXBuildFile; fileRef = EFC09FC8284A20C2001645B4 /* CategoryItem.swift */; };
		EFC09FCB284A2B02001645B4 /* Profile.swift in Sources */ = {isa = PBXBuildFile; fileRef = EFC09FCA284A2B02001645B4 /* Profile.swift */; };
		EFC09FCE284A2BEC001645B4 /* ProfileHost.swift in Sources */ = {isa = PBXBuildFile; fileRef = EFC09FCD284A2BEC001645B4 /* ProfileHost.swift */; };
		EFC09FD0284A2C6E001645B4 /* ProfileSummary.swift in Sources */ = {isa = PBXBuildFile; fileRef = EFC09FCF284A2C6E001645B4 /* ProfileSummary.swift */; };
		EFC09FD2284A2DA4001645B4 /* HikeBadge.swift in Sources */ = {isa = PBXBuildFile; fileRef = EFC09FD1284A2DA4001645B4 /* HikeBadge.swift */; };
		EFC09FD4284A3DFB001645B4 /* ProfileEditor.swift in Sources */ = {isa = PBXBuildFile; fileRef = EFC09FD3284A3DFB001645B4 /* ProfileEditor.swift */; };
		EFDD2192284DE8E100A79C33 /* PageViewController.swift in Sources */ = {isa = PBXBuildFile; fileRef = EFDD2191284DE8E100A79C33 /* PageViewController.swift */; };
		EFDD2194284DEDCF00A79C33 /* FeatureCard.swift in Sources */ = {isa = PBXBuildFile; fileRef = EFDD2193284DEDCF00A79C33 /* FeatureCard.swift */; };
		EFDD2196284DF3B500A79C33 /* PageView.swift in Sources */ = {isa = PBXBuildFile; fileRef = EFDD2195284DF3B500A79C33 /* PageView.swift */; };
		EFDD2198284DFE1A00A79C33 /* PageControl.swift in Sources */ = {isa = PBXBuildFile; fileRef = EFDD2197284DFE1A00A79C33 /* PageControl.swift */; };
/* End PBXBuildFile section */

/* Begin PBXFileReference section */
		EF400D9B2848A32E00EF4892 /* Landmarks.app */ = {isa = PBXFileReference; explicitFileType = wrapper.application; includeInIndex = 0; path = Landmarks.app; sourceTree = BUILT_PRODUCTS_DIR; };
		EF400D9E2848A32E00EF4892 /* LandmarksApp.swift */ = {isa = PBXFileReference; lastKnownFileType = sourcecode.swift; path = LandmarksApp.swift; sourceTree = "<group>"; };
		EF400DA02848A32E00EF4892 /* ContentView.swift */ = {isa = PBXFileReference; lastKnownFileType = sourcecode.swift; path = ContentView.swift; sourceTree = "<group>"; };
		EF400DA22848A32F00EF4892 /* Assets.xcassets */ = {isa = PBXFileReference; lastKnownFileType = folder.assetcatalog; path = Assets.xcassets; sourceTree = "<group>"; };
		EF400DA52848A32F00EF4892 /* Preview Assets.xcassets */ = {isa = PBXFileReference; lastKnownFileType = folder.assetcatalog; path = "Preview Assets.xcassets"; sourceTree = "<group>"; };
		EF424E0F2848CEFD00FB9F9E /* CircleImage.swift */ = {isa = PBXFileReference; lastKnownFileType = sourcecode.swift; path = CircleImage.swift; sourceTree = "<group>"; };
		EF424E112848D10F00FB9F9E /* MapView.swift */ = {isa = PBXFileReference; lastKnownFileType = sourcecode.swift; path = MapView.swift; sourceTree = "<group>"; };
		EF424E152848D79E00FB9F9E /* Landmark.swift */ = {isa = PBXFileReference; lastKnownFileType = sourcecode.swift; path = Landmark.swift; sourceTree = "<group>"; };
		EF424E172848D88E00FB9F9E /* landmarkData.json */ = {isa = PBXFileReference; fileEncoding = 4; lastKnownFileType = text.json; path = landmarkData.json; sourceTree = "<group>"; };
		EF424E322848DB1800FB9F9E /* ModelData.swift */ = {isa = PBXFileReference; lastKnownFileType = sourcecode.swift; path = ModelData.swift; sourceTree = "<group>"; };
		EF424E342848DD6E00FB9F9E /* LandmarkRow.swift */ = {isa = PBXFileReference; lastKnownFileType = sourcecode.swift; path = LandmarkRow.swift; sourceTree = "<group>"; };
		EF424E362848DF0E00FB9F9E /* LandmarkList.swift */ = {isa = PBXFileReference; lastKnownFileType = sourcecode.swift; path = LandmarkList.swift; sourceTree = "<group>"; };
		EF424E382848E0D500FB9F9E /* LandmarkDetail.swift */ = {isa = PBXFileReference; lastKnownFileType = sourcecode.swift; path = LandmarkDetail.swift; sourceTree = "<group>"; };
		EFC09FA72849EABE001645B4 /* FavoriteButton.swift */ = {isa = PBXFileReference; lastKnownFileType = sourcecode.swift; path = FavoriteButton.swift; sourceTree = "<group>"; };
		EFC09FAB2849F6A0001645B4 /* HexagonParameters.swift */ = {isa = PBXFileReference; lastKnownFileType = sourcecode.swift; path = HexagonParameters.swift; sourceTree = "<group>"; };
		EFC09FAD2849F756001645B4 /* BadgeBackground.swift */ = {isa = PBXFileReference; lastKnownFileType = sourcecode.swift; path = BadgeBackground.swift; sourceTree = "<group>"; };
		EFC09FAF284A00C4001645B4 /* BadgeSymbol.swift */ = {isa = PBXFileReference; lastKnownFileType = sourcecode.swift; path = BadgeSymbol.swift; sourceTree = "<group>"; };
		EFC09FB1284A0273001645B4 /* RotatedBadgeSymbol.swift */ = {isa = PBXFileReference; lastKnownFileType = sourcecode.swift; path = RotatedBadgeSymbol.swift; sourceTree = "<group>"; };
		EFC09FB3284A0328001645B4 /* Badge.swift */ = {isa = PBXFileReference; lastKnownFileType = sourcecode.swift; path = Badge.swift; sourceTree = "<group>"; };
		EFC09FB6284A0C67001645B4 /* hikeData.json */ = {isa = PBXFileReference; fileEncoding = 4; lastKnownFileType = text.json; path = hikeData.json; sourceTree = "<group>"; };
		EFC09FB8284A0CF5001645B4 /* Hike.swift */ = {isa = PBXFileReference; lastKnownFileType = sourcecode.swift; path = Hike.swift; sourceTree = "<group>"; };
		EFC09FBB284A0E64001645B4 /* GraphCapsule.swift */ = {isa = PBXFileReference; fileEncoding = 4; lastKnownFileType = sourcecode.swift; path = GraphCapsule.swift; sourceTree = "<group>"; };
		EFC09FBC284A0E64001645B4 /* HikeGraph.swift */ = {isa = PBXFileReference; fileEncoding = 4; lastKnownFileType = sourcecode.swift; path = HikeGraph.swift; sourceTree = "<group>"; };
		EFC09FBD284A0E64001645B4 /* HikeDetail.swift */ = {isa = PBXFileReference; fileEncoding = 4; lastKnownFileType = sourcecode.swift; path = HikeDetail.swift; sourceTree = "<group>"; };
		EFC09FBE284A0E64001645B4 /* HikeView.swift */ = {isa = PBXFileReference; fileEncoding = 4; lastKnownFileType = sourcecode.swift; path = HikeView.swift; sourceTree = "<group>"; };
		EFC09FC4284A1711001645B4 /* CategoryHome.swift */ = {isa = PBXFileReference; lastKnownFileType = sourcecode.swift; path = CategoryHome.swift; sourceTree = "<group>"; };
		EFC09FC6284A1D3C001645B4 /* CategoryRow.swift */ = {isa = PBXFileReference; lastKnownFileType = sourcecode.swift; path = CategoryRow.swift; sourceTree = "<group>"; };
		EFC09FC8284A20C2001645B4 /* CategoryItem.swift */ = {isa = PBXFileReference; lastKnownFileType = sourcecode.swift; path = CategoryItem.swift; sourceTree = "<group>"; };
		EFC09FCA284A2B02001645B4 /* Profile.swift */ = {isa = PBXFileReference; lastKnownFileType = sourcecode.swift; path = Profile.swift; sourceTree = "<group>"; };
		EFC09FCD284A2BEC001645B4 /* ProfileHost.swift */ = {isa = PBXFileReference; lastKnownFileType = sourcecode.swift; path = ProfileHost.swift; sourceTree = "<group>"; };
		EFC09FCF284A2C6E001645B4 /* ProfileSummary.swift */ = {isa = PBXFileReference; lastKnownFileType = sourcecode.swift; path = ProfileSummary.swift; sourceTree = "<group>"; };
		EFC09FD1284A2DA4001645B4 /* HikeBadge.swift */ = {isa = PBXFileReference; lastKnownFileType = sourcecode.swift; path = HikeBadge.swift; sourceTree = "<group>"; };
		EFC09FD3284A3DFB001645B4 /* ProfileEditor.swift */ = {isa = PBXFileReference; lastKnownFileType = sourcecode.swift; path = ProfileEditor.swift; sourceTree = "<group>"; };
		EFDD2191284DE8E100A79C33 /* PageViewController.swift */ = {isa = PBXFileReference; lastKnownFileType = sourcecode.swift; path = PageViewController.swift; sourceTree = "<group>"; };
		EFDD2193284DEDCF00A79C33 /* FeatureCard.swift */ = {isa = PBXFileReference; lastKnownFileType = sourcecode.swift; path = FeatureCard.swift; sourceTree = "<group>"; };
		EFDD2195284DF3B500A79C33 /* PageView.swift */ = {isa = PBXFileReference; lastKnownFileType = sourcecode.swift; path = PageView.swift; sourceTree = "<group>"; };
		EFDD2197284DFE1A00A79C33 /* PageControl.swift */ = {isa = PBXFileReference; lastKnownFileType = sourcecode.swift; path = PageControl.swift; sourceTree = "<group>"; };
/* End PBXFileReference section */

/* Begin PBXFrameworksBuildPhase section */
		EF400D982848A32E00EF4892 /* Frameworks */ = {
			isa = PBXFrameworksBuildPhase;
			buildActionMask = 2147483647;
			files = (
			);
			runOnlyForDeploymentPostprocessing = 0;
		};
/* End PBXFrameworksBuildPhase section */

/* Begin PBXGroup section */
		EF400D922848A32E00EF4892 = {
			isa = PBXGroup;
			children = (
				EF400D9D2848A32E00EF4892 /* Landmarks */,
				EF400D9C2848A32E00EF4892 /* Products */,
			);
			sourceTree = "<group>";
		};
		EF400D9C2848A32E00EF4892 /* Products */ = {
			isa = PBXGroup;
			children = (
				EF400D9B2848A32E00EF4892 /* Landmarks.app */,
			);
			name = Products;
			sourceTree = "<group>";
		};
		EF400D9D2848A32E00EF4892 /* Landmarks */ = {
			isa = PBXGroup;
			children = (
				EF424E192848D8D600FB9F9E /* Resources */,
				EF400D9E2848A32E00EF4892 /* LandmarksApp.swift */,
				EF424E142848D77D00FB9F9E /* Model */,
				EF424E132848D76100FB9F9E /* Views */,
				EF400DA22848A32F00EF4892 /* Assets.xcassets */,
				EF400DA42848A32F00EF4892 /* Preview Content */,
			);
			path = Landmarks;
			sourceTree = "<group>";
		};
		EF400DA42848A32F00EF4892 /* Preview Content */ = {
			isa = PBXGroup;
			children = (
				EF400DA52848A32F00EF4892 /* Preview Assets.xcassets */,
			);
			path = "Preview Content";
			sourceTree = "<group>";
		};
		EF424E132848D76100FB9F9E /* Views */ = {
			isa = PBXGroup;
			children = (
				EFDD2190284DE8B800A79C33 /* PageView */,
				EFC09FCC284A2BAF001645B4 /* Profiles */,
				EFC09FC3284A16FB001645B4 /* Categories */,
				EFC09FBA284A0E64001645B4 /* Hikes */,
				EFC09FB5284A06A1001645B4 /* Badges */,
				EFC09FAA2849EBEB001645B4 /* Landmarks */,
				EFC09FA92849EBC3001645B4 /* Helpers */,
				EF400DA02848A32E00EF4892 /* ContentView.swift */,
			);
			path = Views;
			sourceTree = "<group>";
		};
		EF424E142848D77D00FB9F9E /* Model */ = {
			isa = PBXGroup;
			children = (
				EF424E322848DB1800FB9F9E /* ModelData.swift */,
				EF424E152848D79E00FB9F9E /* Landmark.swift */,
				EFC09FB8284A0CF5001645B4 /* Hike.swift */,
				EFC09FCA284A2B02001645B4 /* Profile.swift */,
			);
			path = Model;
			sourceTree = "<group>";
		};
		EF424E192848D8D600FB9F9E /* Resources */ = {
			isa = PBXGroup;
			children = (
				EFC09FB6284A0C67001645B4 /* hikeData.json */,
				EF424E172848D88E00FB9F9E /* landmarkData.json */,
			);
			path = Resources;
			sourceTree = "<group>";
		};
		EFC09FA92849EBC3001645B4 /* Helpers */ = {
			isa = PBXGroup;
			children = (
				EF424E0F2848CEFD00FB9F9E /* CircleImage.swift */,
				EF424E112848D10F00FB9F9E /* MapView.swift */,
				EFC09FA72849EABE001645B4 /* FavoriteButton.swift */,
			);
			path = Helpers;
			sourceTree = "<group>";
		};
		EFC09FAA2849EBEB001645B4 /* Landmarks */ = {
			isa = PBXGroup;
			children = (
				EF424E362848DF0E00FB9F9E /* LandmarkList.swift */,
				EF424E342848DD6E00FB9F9E /* LandmarkRow.swift */,
				EF424E382848E0D500FB9F9E /* LandmarkDetail.swift */,
			);
			path = Landmarks;
			sourceTree = "<group>";
		};
		EFC09FB5284A06A1001645B4 /* Badges */ = {
			isa = PBXGroup;
			children = (
				EFC09FAB2849F6A0001645B4 /* HexagonParameters.swift */,
				EFC09FB1284A0273001645B4 /* RotatedBadgeSymbol.swift */,
				EFC09FB3284A0328001645B4 /* Badge.swift */,
				EFC09FAF284A00C4001645B4 /* BadgeSymbol.swift */,
				EFC09FAD2849F756001645B4 /* BadgeBackground.swift */,
			);
			path = Badges;
			sourceTree = "<group>";
		};
		EFC09FBA284A0E64001645B4 /* Hikes */ = {
			isa = PBXGroup;
			children = (
				EFC09FBB284A0E64001645B4 /* GraphCapsule.swift */,
				EFC09FBC284A0E64001645B4 /* HikeGraph.swift */,
				EFC09FBD284A0E64001645B4 /* HikeDetail.swift */,
				EFC09FD1284A2DA4001645B4 /* HikeBadge.swift */,
				EFC09FBE284A0E64001645B4 /* HikeView.swift */,
			);
			path = Hikes;
			sourceTree = "<group>";
		};
		EFC09FC3284A16FB001645B4 /* Categories */ = {
			isa = PBXGroup;
			children = (
				EFC09FC4284A1711001645B4 /* CategoryHome.swift */,
				EFC09FC6284A1D3C001645B4 /* CategoryRow.swift */,
				EFC09FC8284A20C2001645B4 /* CategoryItem.swift */,
			);
			path = Categories;
			sourceTree = "<group>";
		};
		EFC09FCC284A2BAF001645B4 /* Profiles */ = {
			isa = PBXGroup;
			children = (
				EFC09FCD284A2BEC001645B4 /* ProfileHost.swift */,
				EFC09FD3284A3DFB001645B4 /* ProfileEditor.swift */,
				EFC09FCF284A2C6E001645B4 /* ProfileSummary.swift */,
			);
			path = Profiles;
			sourceTree = "<group>";
		};
		EFDD2190284DE8B800A79C33 /* PageView */ = {
			isa = PBXGroup;
			children = (
				EFDD2191284DE8E100A79C33 /* PageViewController.swift */,
				EFDD2197284DFE1A00A79C33 /* PageControl.swift */,
				EFDD2193284DEDCF00A79C33 /* FeatureCard.swift */,
				EFDD2195284DF3B500A79C33 /* PageView.swift */,
			);
			path = PageView;
			sourceTree = "<group>";
		};
/* End PBXGroup section */

/* Begin PBXNativeTarget section */
		EF400D9A2848A32E00EF4892 /* Landmarks */ = {
			isa = PBXNativeTarget;
			buildConfigurationList = EF400DA92848A32F00EF4892 /* Build configuration list for PBXNativeTarget "Landmarks" */;
			buildPhases = (
				EF400D972848A32E00EF4892 /* Sources */,
				EF400D982848A32E00EF4892 /* Frameworks */,
				EF400D992848A32E00EF4892 /* Resources */,
			);
			buildRules = (
			);
			dependencies = (
			);
			name = Landmarks;
			productName = Landmarks;
			productReference = EF400D9B2848A32E00EF4892 /* Landmarks.app */;
			productType = "com.apple.product-type.application";
		};
/* End PBXNativeTarget section */

/* Begin PBXProject section */
		EF400D932848A32E00EF4892 /* Project object */ = {
			isa = PBXProject;
			attributes = {
				BuildIndependentTargetsInParallel = 1;
				LastSwiftUpdateCheck = 1340;
				LastUpgradeCheck = 1340;
				TargetAttributes = {
					EF400D9A2848A32E00EF4892 = {
						CreatedOnToolsVersion = 13.4;
					};
				};
			};
			buildConfigurationList = EF400D962848A32E00EF4892 /* Build configuration list for PBXProject "Landmarks" */;
			compatibilityVersion = "Xcode 13.0";
			developmentRegion = en;
			hasScannedForEncodings = 0;
			knownRegions = (
				en,
				Base,
			);
			mainGroup = EF400D922848A32E00EF4892;
			productRefGroup = EF400D9C2848A32E00EF4892 /* Products */;
			projectDirPath = "";
			projectRoot = "";
			targets = (
				EF400D9A2848A32E00EF4892 /* Landmarks */,
			);
		};
/* End PBXProject section */

/* Begin PBXResourcesBuildPhase section */
		EF400D992848A32E00EF4892 /* Resources */ = {
			isa = PBXResourcesBuildPhase;
			buildActionMask = 2147483647;
			files = (
				EFC09FB7284A0C67001645B4 /* hikeData.json in Resources */,
				EF400DA62848A32F00EF4892 /* Preview Assets.xcassets in Resources */,
				EF400DA32848A32F00EF4892 /* Assets.xcassets in Resources */,
				EF424E182848D88E00FB9F9E /* landmarkData.json in Resources */,
			);
			runOnlyForDeploymentPostprocessing = 0;
		};
/* End PBXResourcesBuildPhase section */

/* Begin PBXSourcesBuildPhase section */
		EF400D972848A32E00EF4892 /* Sources */ = {
			isa = PBXSourcesBuildPhase;
			buildActionMask = 2147483647;
			files = (
				EFC09FC7284A1D3C001645B4 /* CategoryRow.swift in Sources */,
				EFC09FCB284A2B02001645B4 /* Profile.swift in Sources */,
				EFC09FB0284A00C4001645B4 /* BadgeSymbol.swift in Sources */,
				EFC09FC5284A1711001645B4 /* CategoryHome.swift in Sources */,
				EFDD2194284DEDCF00A79C33 /* FeatureCard.swift in Sources */,
				EFC09FC0284A0E64001645B4 /* HikeGraph.swift in Sources */,
				EFC09FB4284A0328001645B4 /* Badge.swift in Sources */,
				EF400DA12848A32E00EF4892 /* ContentView.swift in Sources */,
				EFC09FBF284A0E64001645B4 /* GraphCapsule.swift in Sources */,
				EF424E162848D79E00FB9F9E /* Landmark.swift in Sources */,
				EFDD2198284DFE1A00A79C33 /* PageControl.swift in Sources */,
				EF424E122848D10F00FB9F9E /* MapView.swift in Sources */,
				EFC09FC9284A20C2001645B4 /* CategoryItem.swift in Sources */,
				EFC09FC1284A0E64001645B4 /* HikeDetail.swift in Sources */,
				EFC09FD0284A2C6E001645B4 /* ProfileSummary.swift in Sources */,
				EFC09FA82849EABE001645B4 /* FavoriteButton.swift in Sources */,
				EFC09FCE284A2BEC001645B4 /* ProfileHost.swift in Sources */,
				EFC09FB9284A0CF5001645B4 /* Hike.swift in Sources */,
				EFC09FB2284A0273001645B4 /* RotatedBadgeSymbol.swift in Sources */,
				EFDD2196284DF3B500A79C33 /* PageView.swift in Sources */,
				EFC09FAC2849F6A0001645B4 /* HexagonParameters.swift in Sources */,
				EFC09FD4284A3DFB001645B4 /* ProfileEditor.swift in Sources */,
				EF424E372848DF0E00FB9F9E /* LandmarkList.swift in Sources */,
				EFC09FC2284A0E64001645B4 /* HikeView.swift in Sources */,
				EF424E392848E0D500FB9F9E /* LandmarkDetail.swift in Sources */,
				EFDD2192284DE8E100A79C33 /* PageViewController.swift in Sources */,
				EF400D9F2848A32E00EF4892 /* LandmarksApp.swift in Sources */,
				EFC09FD2284A2DA4001645B4 /* HikeBadge.swift in Sources */,
				EF424E102848CEFD00FB9F9E /* CircleImage.swift in Sources */,
				EF424E352848DD6E00FB9F9E /* LandmarkRow.swift in Sources */,
				EF424E332848DB1800FB9F9E /* ModelData.swift in Sources */,
				EFC09FAE2849F756001645B4 /* BadgeBackground.swift in Sources */,
			);
			runOnlyForDeploymentPostprocessing = 0;
		};
/* End PBXSourcesBuildPhase section */

/* Begin XCBuildConfiguration section */
		EF400DA72848A32F00EF4892 /* Debug */ = {
			isa = XCBuildConfiguration;
			buildSettings = {
				ALWAYS_SEARCH_USER_PATHS = NO;
				CLANG_ANALYZER_NONNULL = YES;
				CLANG_ANALYZER_NUMBER_OBJECT_CONVERSION = YES_AGGRESSIVE;
				CLANG_CXX_LANGUAGE_STANDARD = "gnu++17";
				CLANG_ENABLE_MODULES = YES;
				CLANG_ENABLE_OBJC_ARC = YES;
				CLANG_ENABLE_OBJC_WEAK = YES;
				CLANG_WARN_BLOCK_CAPTURE_AUTORELEASING = YES;
				CLANG_WARN_BOOL_CONVERSION = YES;
				CLANG_WARN_COMMA = YES;
				CLANG_WARN_CONSTANT_CONVERSION = YES;
				CLANG_WARN_DEPRECATED_OBJC_IMPLEMENTATIONS = YES;
				CLANG_WARN_DIRECT_OBJC_ISA_USAGE = YES_ERROR;
				CLANG_WARN_DOCUMENTATION_COMMENTS = YES;
				CLANG_WARN_EMPTY_BODY = YES;
				CLANG_WARN_ENUM_CONVERSION = YES;
				CLANG_WARN_INFINITE_RECURSION = YES;
				CLANG_WARN_INT_CONVERSION = YES;
				CLANG_WARN_NON_LITERAL_NULL_CONVERSION = YES;
				CLANG_WARN_OBJC_IMPLICIT_RETAIN_SELF = YES;
				CLANG_WARN_OBJC_LITERAL_CONVERSION = YES;
				CLANG_WARN_OBJC_ROOT_CLASS = YES_ERROR;
				CLANG_WARN_QUOTED_INCLUDE_IN_FRAMEWORK_HEADER = YES;
				CLANG_WARN_RANGE_LOOP_ANALYSIS = YES;
				CLANG_WARN_STRICT_PROTOTYPES = YES;
				CLANG_WARN_SUSPICIOUS_MOVE = YES;
				CLANG_WARN_UNGUARDED_AVAILABILITY = YES_AGGRESSIVE;
				CLANG_WARN_UNREACHABLE_CODE = YES;
				CLANG_WARN__DUPLICATE_METHOD_MATCH = YES;
				COPY_PHASE_STRIP = NO;
				DEBUG_INFORMATION_FORMAT = dwarf;
				ENABLE_STRICT_OBJC_MSGSEND = YES;
				ENABLE_TESTABILITY = YES;
				GCC_C_LANGUAGE_STANDARD = gnu11;
				GCC_DYNAMIC_NO_PIC = NO;
				GCC_NO_COMMON_BLOCKS = YES;
				GCC_OPTIMIZATION_LEVEL = 0;
				GCC_PREPROCESSOR_DEFINITIONS = (
					"DEBUG=1",
					"$(inherited)",
				);
				GCC_WARN_64_TO_32_BIT_CONVERSION = YES;
				GCC_WARN_ABOUT_RETURN_TYPE = YES_ERROR;
				GCC_WARN_UNDECLARED_SELECTOR = YES;
				GCC_WARN_UNINITIALIZED_AUTOS = YES_AGGRESSIVE;
				GCC_WARN_UNUSED_FUNCTION = YES;
				GCC_WARN_UNUSED_VARIABLE = YES;
				IPHONEOS_DEPLOYMENT_TARGET = 15.5;
				MTL_ENABLE_DEBUG_INFO = INCLUDE_SOURCE;
				MTL_FAST_MATH = YES;
				ONLY_ACTIVE_ARCH = YES;
				SDKROOT = iphoneos;
				SWIFT_ACTIVE_COMPILATION_CONDITIONS = DEBUG;
				SWIFT_OPTIMIZATION_LEVEL = "-Onone";
			};
			name = Debug;
		};
		EF400DA82848A32F00EF4892 /* Release */ = {
			isa = XCBuildConfiguration;
			buildSettings = {
				ALWAYS_SEARCH_USER_PATHS = NO;
				CLANG_ANALYZER_NONNULL = YES;
				CLANG_ANALYZER_NUMBER_OBJECT_CONVERSION = YES_AGGRESSIVE;
				CLANG_CXX_LANGUAGE_STANDARD = "gnu++17";
				CLANG_ENABLE_MODULES = YES;
				CLANG_ENABLE_OBJC_ARC = YES;
				CLANG_ENABLE_OBJC_WEAK = YES;
				CLANG_WARN_BLOCK_CAPTURE_AUTORELEASING = YES;
				CLANG_WARN_BOOL_CONVERSION = YES;
				CLANG_WARN_COMMA = YES;
				CLANG_WARN_CONSTANT_CONVERSION = YES;
				CLANG_WARN_DEPRECATED_OBJC_IMPLEMENTATIONS = YES;
				CLANG_WARN_DIRECT_OBJC_ISA_USAGE = YES_ERROR;
				CLANG_WARN_DOCUMENTATION_COMMENTS = YES;
				CLANG_WARN_EMPTY_BODY = YES;
				CLANG_WARN_ENUM_CONVERSION = YES;
				CLANG_WARN_INFINITE_RECURSION = YES;
				CLANG_WARN_INT_CONVERSION = YES;
				CLANG_WARN_NON_LITERAL_NULL_CONVERSION = YES;
				CLANG_WARN_OBJC_IMPLICIT_RETAIN_SELF = YES;
				CLANG_WARN_OBJC_LITERAL_CONVERSION = YES;
				CLANG_WARN_OBJC_ROOT_CLASS = YES_ERROR;
				CLANG_WARN_QUOTED_INCLUDE_IN_FRAMEWORK_HEADER = YES;
				CLANG_WARN_RANGE_LOOP_ANALYSIS = YES;
				CLANG_WARN_STRICT_PROTOTYPES = YES;
				CLANG_WARN_SUSPICIOUS_MOVE = YES;
				CLANG_WARN_UNGUARDED_AVAILABILITY = YES_AGGRESSIVE;
				CLANG_WARN_UNREACHABLE_CODE = YES;
				CLANG_WARN__DUPLICATE_METHOD_MATCH = YES;
				COPY_PHASE_STRIP = NO;
				DEBUG_INFORMATION_FORMAT = "dwarf-with-dsym";
				ENABLE_NS_ASSERTIONS = NO;
				ENABLE_STRICT_OBJC_MSGSEND = YES;
				GCC_C_LANGUAGE_STANDARD = gnu11;
				GCC_NO_COMMON_BLOCKS = YES;
				GCC_WARN_64_TO_32_BIT_CONVERSION = YES;
				GCC_WARN_ABOUT_RETURN_TYPE = YES_ERROR;
				GCC_WARN_UNDECLARED_SELECTOR = YES;
				GCC_WARN_UNINITIALIZED_AUTOS = YES_AGGRESSIVE;
				GCC_WARN_UNUSED_FUNCTION = YES;
				GCC_WARN_UNUSED_VARIABLE = YES;
				IPHONEOS_DEPLOYMENT_TARGET = 15.5;
				MTL_ENABLE_DEBUG_INFO = NO;
				MTL_FAST_MATH = YES;
				SDKROOT = iphoneos;
				SWIFT_COMPILATION_MODE = wholemodule;
				SWIFT_OPTIMIZATION_LEVEL = "-O";
				VALIDATE_PRODUCT = YES;
			};
			name = Release;
		};
		EF400DAA2848A32F00EF4892 /* Debug */ = {
			isa = XCBuildConfiguration;
			buildSettings = {
				ASSETCATALOG_COMPILER_APPICON_NAME = AppIcon;
				ASSETCATALOG_COMPILER_GLOBAL_ACCENT_COLOR_NAME = AccentColor;
				CODE_SIGN_STYLE = Automatic;
				CURRENT_PROJECT_VERSION = 1;
				DEVELOPMENT_ASSET_PATHS = "\"Landmarks/Preview Content\"";
				DEVELOPMENT_TEAM = 74V9G6TS4A;
				ENABLE_PREVIEWS = YES;
				GENERATE_INFOPLIST_FILE = YES;
				INFOPLIST_KEY_UIApplicationSceneManifest_Generation = YES;
				INFOPLIST_KEY_UIApplicationSupportsIndirectInputEvents = YES;
				INFOPLIST_KEY_UILaunchScreen_Generation = YES;
				INFOPLIST_KEY_UISupportedInterfaceOrientations_iPad = "UIInterfaceOrientationPortrait UIInterfaceOrientationPortraitUpsideDown UIInterfaceOrientationLandscapeLeft UIInterfaceOrientationLandscapeRight";
				INFOPLIST_KEY_UISupportedInterfaceOrientations_iPhone = "UIInterfaceOrientationPortrait UIInterfaceOrientationLandscapeLeft UIInterfaceOrientationLandscapeRight";
				LD_RUNPATH_SEARCH_PATHS = (
					"$(inherited)",
					"@executable_path/Frameworks",
				);
				MARKETING_VERSION = 1.0;
				PRODUCT_BUNDLE_IDENTIFIER = com.muzh.Landmarks;
				PRODUCT_NAME = "$(TARGET_NAME)";
				SWIFT_EMIT_LOC_STRINGS = YES;
				SWIFT_VERSION = 5.0;
				TARGETED_DEVICE_FAMILY = "1,2";
			};
			name = Debug;
		};
		EF400DAB2848A32F00EF4892 /* Release */ = {
			isa = XCBuildConfiguration;
			buildSettings = {
				ASSETCATALOG_COMPILER_APPICON_NAME = AppIcon;
				ASSETCATALOG_COMPILER_GLOBAL_ACCENT_COLOR_NAME = AccentColor;
				CODE_SIGN_STYLE = Automatic;
				CURRENT_PROJECT_VERSION = 1;
				DEVELOPMENT_ASSET_PATHS = "\"Landmarks/Preview Content\"";
				DEVELOPMENT_TEAM = 74V9G6TS4A;
				ENABLE_PREVIEWS = YES;
				GENERATE_INFOPLIST_FILE = YES;
				INFOPLIST_KEY_UIApplicationSceneManifest_Generation = YES;
				INFOPLIST_KEY_UIApplicationSupportsIndirectInputEvents = YES;
				INFOPLIST_KEY_UILaunchScreen_Generation = YES;
				INFOPLIST_KEY_UISupportedInterfaceOrientations_iPad = "UIInterfaceOrientationPortrait UIInterfaceOrientationPortraitUpsideDown UIInterfaceOrientationLandscapeLeft UIInterfaceOrientationLandscapeRight";
				INFOPLIST_KEY_UISupportedInterfaceOrientations_iPhone = "UIInterfaceOrientationPortrait UIInterfaceOrientationLandscapeLeft UIInterfaceOrientationLandscapeRight";
				LD_RUNPATH_SEARCH_PATHS = (
					"$(inherited)",
					"@executable_path/Frameworks",
				);
				MARKETING_VERSION = 1.0;
				PRODUCT_BUNDLE_IDENTIFIER = com.muzh.Landmarks;
				PRODUCT_NAME = "$(TARGET_NAME)";
				SWIFT_EMIT_LOC_STRINGS = YES;
				SWIFT_VERSION = 5.0;
				TARGETED_DEVICE_FAMILY = "1,2";
			};
			name = Release;
		};
/* End XCBuildConfiguration section */

/* Begin XCConfigurationList section */
		EF400D962848A32E00EF4892 /* Build configuration list for PBXProject "Landmarks" */ = {
			isa = XCConfigurationList;
			buildConfigurations = (
				EF400DA72848A32F00EF4892 /* Debug */,
				EF400DA82848A32F00EF4892 /* Release */,
			);
			defaultConfigurationIsVisible = 0;
			defaultConfigurationName = Release;
		};
		EF400DA92848A32F00EF4892 /* Build configuration list for PBXNativeTarget "Landmarks" */ = {
			isa = XCConfigurationList;
			buildConfigurations = (
				EF400DAA2848A32F00EF4892 /* Debug */,
				EF400DAB2848A32F00EF4892 /* Release */,
			);
			defaultConfigurationIsVisible = 0;
			defaultConfigurationName = Release;
		};
/* End XCConfigurationList section */
	};
	rootObject = EF400D932848A32E00EF4892 /* Project object */;
}
